
Microsoft Visual Studio Solution File, Format Version 12.00
# Visual Studio 15
VisualStudioVersion = 15.0.26124.0
MinimumVisualStudioVersion = 15.0.26124.0
Project("{2150E333-8FDC-42A3-9474-1A3956D46DE8}") = "src", "src", "{7BAD8124-0295-4DD8-8FDA-CB3E76888AA6}"
EndProject
Project("{FAE04EC0-301F-11D3-BF4B-00C04F79EFBC}") = "Syncromatics.Clients.DelDOT.Api", "src\Syncromatics.Clients.DelDOT.Api\Syncromatics.Clients.DelDOT.Api.csproj", "{38C79992-875C-4589-B187-4E2581ABEE17}"
EndProject
Project("{2150E333-8FDC-42A3-9474-1A3956D46DE8}") = "tests", "tests", "{C1BB2CFD-1EC7-44C3-8586-6BF58A77BEC7}"
EndProject
Project("{FAE04EC0-301F-11D3-BF4B-00C04F79EFBC}") = "Syncromatics.Clients.DelDOT.Api.Tests", "tests\Syncromatics.Clients.DelDOT.Api.Tests\Syncromatics.Clients.DelDOT.Api.Tests.csproj", "{46893A35-D621-432E-9EFA-4D3C64AB4F85}"
EndProject
Global
	GlobalSection(SolutionConfigurationPlatforms) = preSolution
		Debug|Any CPU = Debug|Any CPU
		Debug|x64 = Debug|x64
		Debug|x86 = Debug|x86
		Release|Any CPU = Release|Any CPU
		Release|x64 = Release|x64
		Release|x86 = Release|x86
	EndGlobalSection
	GlobalSection(SolutionProperties) = preSolution
		HideSolutionNode = FALSE
	EndGlobalSection
	GlobalSection(ProjectConfigurationPlatforms) = postSolution
		{38C79992-875C-4589-B187-4E2581ABEE17}.Debug|Any CPU.ActiveCfg = Debug|Any CPU
		{38C79992-875C-4589-B187-4E2581ABEE17}.Debug|Any CPU.Build.0 = Debug|Any CPU
		{38C79992-875C-4589-B187-4E2581ABEE17}.Debug|x64.ActiveCfg = Debug|Any CPU
		{38C79992-875C-4589-B187-4E2581ABEE17}.Debug|x64.Build.0 = Debug|Any CPU
		{38C79992-875C-4589-B187-4E2581ABEE17}.Debug|x86.ActiveCfg = Debug|Any CPU
		{38C79992-875C-4589-B187-4E2581ABEE17}.Debug|x86.Build.0 = Debug|Any CPU
		{38C79992-875C-4589-B187-4E2581ABEE17}.Release|Any CPU.ActiveCfg = Release|Any CPU
		{38C79992-875C-4589-B187-4E2581ABEE17}.Release|Any CPU.Build.0 = Release|Any CPU
		{38C79992-875C-4589-B187-4E2581ABEE17}.Release|x64.ActiveCfg = Release|Any CPU
		{38C79992-875C-4589-B187-4E2581ABEE17}.Release|x64.Build.0 = Release|Any CPU
		{38C79992-875C-4589-B187-4E2581ABEE17}.Release|x86.ActiveCfg = Release|Any CPU
		{38C79992-875C-4589-B187-4E2581ABEE17}.Release|x86.Build.0 = Release|Any CPU
		{46893A35-D621-432E-9EFA-4D3C64AB4F85}.Debug|Any CPU.ActiveCfg = Debug|Any CPU
		{46893A35-D621-432E-9EFA-4D3C64AB4F85}.Debug|Any CPU.Build.0 = Debug|Any CPU
		{46893A35-D621-432E-9EFA-4D3C64AB4F85}.Debug|x64.ActiveCfg = Debug|Any CPU
		{46893A35-D621-432E-9EFA-4D3C64AB4F85}.Debug|x64.Build.0 = Debug|Any CPU
		{46893A35-D621-432E-9EFA-4D3C64AB4F85}.Debug|x86.ActiveCfg = Debug|Any CPU
		{46893A35-D621-432E-9EFA-4D3C64AB4F85}.Debug|x86.Build.0 = Debug|Any CPU
		{46893A35-D621-432E-9EFA-4D3C64AB4F85}.Release|Any CPU.ActiveCfg = Release|Any CPU
		{46893A35-D621-432E-9EFA-4D3C64AB4F85}.Release|Any CPU.Build.0 = Release|Any CPU
		{46893A35-D621-432E-9EFA-4D3C64AB4F85}.Release|x64.ActiveCfg = Release|Any CPU
		{46893A35-D621-432E-9EFA-4D3C64AB4F85}.Release|x64.Build.0 = Release|Any CPU
		{46893A35-D621-432E-9EFA-4D3C64AB4F85}.Release|x86.ActiveCfg = Release|Any CPU
		{46893A35-D621-432E-9EFA-4D3C64AB4F85}.Release|x86.Build.0 = Release|Any CPU
	EndGlobalSection
	GlobalSection(NestedProjects) = preSolution
		{38C79992-875C-4589-B187-4E2581ABEE17} = {7BAD8124-0295-4DD8-8FDA-CB3E76888AA6}
		{46893A35-D621-432E-9EFA-4D3C64AB4F85} = {C1BB2CFD-1EC7-44C3-8586-6BF58A77BEC7}
	EndGlobalSection
EndGlobal
